
Microsoft Visual Studio Solution File, Format Version 12.00
# Visual Studio Version 17
VisualStudioVersion = 17.2.32616.157
MinimumVisualStudioVersion = 10.0.40219.1
Project("{9A19103F-16F7-4668-BE54-9A1E7A4F7556}") = "MySnakeUI", "MySnakeUI\MySnakeUI.csproj", "{501CA5A6-D77E-4D2A-A7B3-583849247318}"
EndProject
Project("{FAE04EC0-301F-11D3-BF4B-00C04F79EFBC}") = "StructuresLibrary", "StructuresLibrary\StructuresLibrary.csproj", "{B47923D9-1BB9-4133-B1AA-289897D7231F}"
EndProject
Global
	GlobalSection(SolutionConfigurationPlatforms) = preSolution
		Debug|Any CPU = Debug|Any CPU
		Release|Any CPU = Release|Any CPU
	EndGlobalSection
	GlobalSection(ProjectConfigurationPlatforms) = postSolution
		{501CA5A6-D77E-4D2A-A7B3-583849247318}.Debug|Any CPU.ActiveCfg = Debug|Any CPU
		{501CA5A6-D77E-4D2A-A7B3-583849247318}.Debug|Any CPU.Build.0 = Debug|Any CPU
		{501CA5A6-D77E-4D2A-A7B3-583849247318}.Release|Any CPU.ActiveCfg = Release|Any CPU
		{501CA5A6-D77E-4D2A-A7B3-583849247318}.Release|Any CPU.Build.0 = Release|Any CPU
		{B47923D9-1BB9-4133-B1AA-289897D7231F}.Debug|Any CPU.ActiveCfg = Debug|Any CPU
		{B47923D9-1BB9-4133-B1AA-289897D7231F}.Debug|Any CPU.Build.0 = Debug|Any CPU
		{B47923D9-1BB9-4133-B1AA-289897D7231F}.Release|Any CPU.ActiveCfg = Release|Any CPU
		{B47923D9-1BB9-4133-B1AA-289897D7231F}.Release|Any CPU.Build.0 = Release|Any CPU
	EndGlobalSection
	GlobalSection(SolutionProperties) = preSolution
		HideSolutionNode = FALSE
	EndGlobalSection
	GlobalSection(ExtensibilityGlobals) = postSolution
		SolutionGuid = {E595E784-0547-4E1E-B3BE-C7DF233BB151}
	EndGlobalSection
EndGlobal
